
Microsoft Visual Studio Solution File, Format Version 12.00
# Visual Studio Version 16
VisualStudioVersion = 16.0.29613.14
MinimumVisualStudioVersion = 10.0.40219.1
Project("{FAE04EC0-301F-11D3-BF4B-00C04F79EFBC}") = "ElevationDrawing", "ElevationDrawing.csproj", "{7F1C756F-9B4B-495C-B709-B5B251BF7821}"
EndProject
Global
	GlobalSection(SolutionConfigurationPlatforms) = preSolution
		Debug via Revit Add-In Manager|Any CPU = Debug via Revit Add-In Manager|Any CPU
		Debug|Any CPU = Debug|Any CPU
		Release|Any CPU = Release|Any CPU
	EndGlobalSection
	GlobalSection(ProjectConfigurationPlatforms) = postSolution
		{7F1C756F-9B4B-495C-B709-B5B251BF7821}.Debug via Revit Add-In Manager|Any CPU.ActiveCfg = Debug via Revit Add-In Manager|Any CPU
		{7F1C756F-9B4B-495C-B709-B5B251BF7821}.Debug via Revit Add-In Manager|Any CPU.Build.0 = Debug via Revit Add-In Manager|Any CPU
		{7F1C756F-9B4B-495C-B709-B5B251BF7821}.Debug|Any CPU.ActiveCfg = Debug|Any CPU
		{7F1C756F-9B4B-495C-B709-B5B251BF7821}.Debug|Any CPU.Build.0 = Debug|Any CPU
		{7F1C756F-9B4B-495C-B709-B5B251BF7821}.Release|Any CPU.ActiveCfg = Release|Any CPU
		{7F1C756F-9B4B-495C-B709-B5B251BF7821}.Release|Any CPU.Build.0 = Release|Any CPU
	EndGlobalSection
	GlobalSection(SolutionProperties) = preSolution
		HideSolutionNode = FALSE
	EndGlobalSection
	GlobalSection(ExtensibilityGlobals) = postSolution
		SolutionGuid = {DCD05FDC-6605-4517-B5BB-3AF80F6A2BE8}
	EndGlobalSection
EndGlobal
